Microsoft Visual Studio Solution File, Format Version 12.00
# Visual Studio 15
VisualStudioVersion = 15.0.27130.2026
MinimumVisualStudioVersion = 15.0.26124.0
Project("{9A19103F-16F7-4668-BE54-9A1E7A4F7556}") = "Checkers", "Checkers\Checkers.csproj", "{DDE9C5F6-0973-423C-B178-7777D18719D6}"
EndProject
Project("{9A19103F-16F7-4668-BE54-9A1E7A4F7556}") = "Checkers.Test", "Checkers.Test\Checkers.Test.csproj", "{877192A4-7772-4B3F-BC72-D1112378ED58}"
EndProject
Global
	GlobalSection(SolutionConfigurationPlatforms) = preSolution
		Debug|Any CPU = Debug|Any CPU
		Debug|x64 = Debug|x64
		Debug|x86 = Debug|x86
		Release|Any CPU = Release|Any CPU
		Release|x64 = Release|x64
		Release|x86 = Release|x86
	EndGlobalSection
	GlobalSection(ProjectConfigurationPlatforms) = postSolution
		{DDE9C5F6-0973-423C-B178-7777D18719D6}.Debug|Any CPU.ActiveCfg = Debug|Any CPU
		{DDE9C5F6-0973-423C-B178-7777D18719D6}.Debug|Any CPU.Build.0 = Debug|Any CPU
		{DDE9C5F6-0973-423C-B178-7777D18719D6}.Debug|x64.ActiveCfg = Debug|Any CPU
		{DDE9C5F6-0973-423C-B178-7777D18719D6}.Debug|x64.Build.0 = Debug|Any CPU
		{DDE9C5F6-0973-423C-B178-7777D18719D6}.Debug|x86.ActiveCfg = Debug|Any CPU
		{DDE9C5F6-0973-423C-B178-7777D18719D6}.Debug|x86.Build.0 = Debug|Any CPU
		{DDE9C5F6-0973-423C-B178-7777D18719D6}.Release|Any CPU.ActiveCfg = Release|Any CPU
		{DDE9C5F6-0973-423C-B178-7777D18719D6}.Release|Any CPU.Build.0 = Release|Any CPU
		{DDE9C5F6-0973-423C-B178-7777D18719D6}.Release|x64.ActiveCfg = Release|Any CPU
		{DDE9C5F6-0973-423C-B178-7777D18719D6}.Release|x64.Build.0 = Release|Any CPU
		{DDE9C5F6-0973-423C-B178-7777D18719D6}.Release|x86.ActiveCfg = Release|Any CPU
		{DDE9C5F6-0973-423C-B178-7777D18719D6}.Release|x86.Build.0 = Release|Any CPU
		{877192A4-7772-4B3F-BC72-D1112378ED58}.Debug|Any CPU.ActiveCfg = Debug|Any CPU
		{877192A4-7772-4B3F-BC72-D1112378ED58}.Debug|Any CPU.Build.0 = Debug|Any CPU
		{877192A4-7772-4B3F-BC72-D1112378ED58}.Debug|x64.ActiveCfg = Debug|Any CPU
		{877192A4-7772-4B3F-BC72-D1112378ED58}.Debug|x64.Build.0 = Debug|Any CPU
		{877192A4-7772-4B3F-BC72-D1112378ED58}.Debug|x86.ActiveCfg = Debug|Any CPU
		{877192A4-7772-4B3F-BC72-D1112378ED58}.Debug|x86.Build.0 = Debug|Any CPU
		{877192A4-7772-4B3F-BC72-D1112378ED58}.Release|Any CPU.ActiveCfg = Release|Any CPU
		{877192A4-7772-4B3F-BC72-D1112378ED58}.Release|Any CPU.Build.0 = Release|Any CPU
		{877192A4-7772-4B3F-BC72-D1112378ED58}.Release|x64.ActiveCfg = Release|Any CPU
		{877192A4-7772-4B3F-BC72-D1112378ED58}.Release|x64.Build.0 = Release|Any CPU
		{877192A4-7772-4B3F-BC72-D1112378ED58}.Release|x86.ActiveCfg = Release|Any CPU
		{877192A4-7772-4B3F-BC72-D1112378ED58}.Release|x86.Build.0 = Release|Any CPU
	EndGlobalSection
	GlobalSection(SolutionProperties) = preSolution
		HideSolutionNode = FALSE
	EndGlobalSection
	GlobalSection(ExtensibilityGlobals) = postSolution
		SolutionGuid = {DCEB727B-771E-48E4-BF00-AAD067977487}
	EndGlobalSection
EndGlobal
